
Microsoft Visual Studio Solution File, Format Version 12.00
# Visual Studio Version 17
VisualStudioVersion = 17.8.34330.188
MinimumVisualStudioVersion = 10.0.40219.1
Project("{FAE04EC0-301F-11D3-BF4B-00C04F79EFBC}") = "project", "project\project.csproj", "{F4674210-5FBE-4F80-A315-5DC3301B33EE}"
EndProject
Global
	GlobalSection(SolutionConfigurationPlatforms) = preSolution
		Debug|Any CPU = Debug|Any CPU
		Release|Any CPU = Release|Any CPU
	EndGlobalSection
	GlobalSection(ProjectConfigurationPlatforms) = postSolution
		{F4674210-5FBE-4F80-A315-5DC3301B33EE}.Debug|Any CPU.ActiveCfg = Debug|Any CPU
		{F4674210-5FBE-4F80-A315-5DC3301B33EE}.Debug|Any CPU.Build.0 = Debug|Any CPU
		{F4674210-5FBE-4F80-A315-5DC3301B33EE}.Release|Any CPU.ActiveCfg = Release|Any CPU
		{F4674210-5FBE-4F80-A315-5DC3301B33EE}.Release|Any CPU.Build.0 = Release|Any CPU
	EndGlobalSection
	GlobalSection(SolutionProperties) = preSolution
		HideSolutionNode = FALSE
	EndGlobalSection
	GlobalSection(ExtensibilityGlobals) = postSolution
		SolutionGuid = {CFF6031F-27A2-4CBE-A7FE-82B8E64F54BF}
	EndGlobalSection
EndGlobal
